// !$*UTF8*$!
{
	archiveVersion = 1;
	classes = {
	};
	objectVersion = 46;
	objects = {

/* Begin PBXBuildFile section */
		6C9E4F7A1AB4D77C00E0F55E /* AppDelegate.swift in Sources */ = {isa = PBXBuildFile; fileRef = 6C9E4F791AB4D77C00E0F55E /* AppDelegate.swift */; };
		6C9E4F7C1AB4D77C00E0F55E /* ViewController.swift in Sources */ = {isa = PBXBuildFile; fileRef = 6C9E4F7B1AB4D77C00E0F55E /* ViewController.swift */; };
		6C9E4F7F1AB4D77C00E0F55E /* Main.storyboard in Resources */ = {isa = PBXBuildFile; fileRef = 6C9E4F7D1AB4D77C00E0F55E /* Main.storyboard */; };
		6C9E4F811AB4D77C00E0F55E /* Images.xcassets in Resources */ = {isa = PBXBuildFile; fileRef = 6C9E4F801AB4D77C00E0F55E /* Images.xcassets */; };
		6C9E4F841AB4D77C00E0F55E /* LaunchScreen.xib in Resources */ = {isa = PBXBuildFile; fileRef = 6C9E4F821AB4D77C00E0F55E /* LaunchScreen.xib */; };
		6C9E4F901AB4D77C00E0F55E /* Swift_ISO8583Tests.swift in Sources */ = {isa = PBXBuildFile; fileRef = 6C9E4F8F1AB4D77C00E0F55E /* Swift_ISO8583Tests.swift */; };
		6C9E4F9D1AB4EB8300E0F55E /* ISOMessage.swift in Sources */ = {isa = PBXBuildFile; fileRef = 6C9E4F9C1AB4EB8300E0F55E /* ISOMessage.swift */; };
		6C9E4F9F1AB6159A00E0F55E /* ISOBitmap.swift in Sources */ = {isa = PBXBuildFile; fileRef = 6C9E4F9E1AB6159A00E0F55E /* ISOBitmap.swift */; };
		6C9E4FA11AB615C200E0F55E /* ISODataElement.swift in Sources */ = {isa = PBXBuildFile; fileRef = 6C9E4FA01AB615C200E0F55E /* ISODataElement.swift */; };
		6C9E4FA31AB615DB00E0F55E /* ISOHelper.swift in Sources */ = {isa = PBXBuildFile; fileRef = 6C9E4FA21AB615DB00E0F55E /* ISOHelper.swift */; };
		6C9E4FA91AB6162600E0F55E /* customisoconfig.plist in Resources */ = {isa = PBXBuildFile; fileRef = 6C9E4FA41AB6162600E0F55E /* customisoconfig.plist */; };
		6C9E4FAA1AB6162600E0F55E /* customisoMTI.plist in Resources */ = {isa = PBXBuildFile; fileRef = 6C9E4FA51AB6162600E0F55E /* customisoMTI.plist */; };
		6C9E4FAB1AB6162600E0F55E /* isoconfig.plist in Resources */ = {isa = PBXBuildFile; fileRef = 6C9E4FA61AB6162600E0F55E /* isoconfig.plist */; };
		6C9E4FAC1AB6162600E0F55E /* isodatatypes.plist in Resources */ = {isa = PBXBuildFile; fileRef = 6C9E4FA71AB6162600E0F55E /* isodatatypes.plist */; };
		6C9E4FAD1AB6162600E0F55E /* isoMTI.plist in Resources */ = {isa = PBXBuildFile; fileRef = 6C9E4FA81AB6162600E0F55E /* isoMTI.plist */; };
/* End PBXBuildFile section */

/* Begin PBXContainerItemProxy section */
		6C9E4F8A1AB4D77C00E0F55E /* PBXContainerItemProxy */ = {
			isa = PBXContainerItemProxy;
			containerPortal = 6C9E4F6C1AB4D77C00E0F55E /* Project object */;
			proxyType = 1;
			remoteGlobalIDString = 6C9E4F731AB4D77C00E0F55E;
			remoteInfo = "Swift-ISO8583";
		};
/* End PBXContainerItemProxy section */

/* Begin PBXFileReference section */
		6C9E4F741AB4D77C00E0F55E /* Swift-ISO8583.app */ = {isa = PBXFileReference; explicitFileType = wrapper.application; includeInIndex = 0; path = "Swift-ISO8583.app"; sourceTree = BUILT_PRODUCTS_DIR; };
		6C9E4F781AB4D77C00E0F55E /* Info.plist */ = {isa = PBXFileReference; lastKnownFileType = text.plist.xml; path = Info.plist; sourceTree = "<group>"; };
		6C9E4F791AB4D77C00E0F55E /* AppDelegate.swift */ = {isa = PBXFileReference; lastKnownFileType = sourcecode.swift; path = AppDelegate.swift; sourceTree = "<group>"; };
		6C9E4F7B1AB4D77C00E0F55E /* ViewController.swift */ = {isa = PBXFileReference; lastKnownFileType = sourcecode.swift; path = ViewController.swift; sourceTree = "<group>"; };
		6C9E4F7E1AB4D77C00E0F55E /* Base */ = {isa = PBXFileReference; lastKnownFileType = file.storyboard; name = Base; path = Base.lproj/Main.storyboard; sourceTree = "<group>"; };
		6C9E4F801AB4D77C00E0F55E /* Images.xcassets */ = {isa = PBXFileReference; lastKnownFileType = folder.assetcatalog; path = Images.xcassets; sourceTree = "<group>"; };
		6C9E4F831AB4D77C00E0F55E /* Base */ = {isa = PBXFileReference; lastKnownFileType = file.xib; name = Base; path = Base.lproj/LaunchScreen.xib; sourceTree = "<group>"; };
		6C9E4F891AB4D77C00E0F55E /* Swift-ISO8583Tests.xctest */ = {isa = PBXFileReference; explicitFileType = wrapper.cfbundle; includeInIndex = 0; path = "Swift-ISO8583Tests.xctest"; sourceTree = BUILT_PRODUCTS_DIR; };
		6C9E4F8E1AB4D77C00E0F55E /* Info.plist */ = {isa = PBXFileReference; lastKnownFileType = text.plist.xml; path = Info.plist; sourceTree = "<group>"; };
		6C9E4F8F1AB4D77C00E0F55E /* Swift_ISO8583Tests.swift */ = {isa = PBXFileReference; lastKnownFileType = sourcecode.swift; path = Swift_ISO8583Tests.swift; sourceTree = "<group>"; };
		6C9E4F9C1AB4EB8300E0F55E /* ISOMessage.swift */ = {isa = PBXFileReference; fileEncoding = 4; lastKnownFileType = sourcecode.swift; path = ISOMessage.swift; sourceTree = "<group>"; };
		6C9E4F9E1AB6159A00E0F55E /* ISOBitmap.swift */ = {isa = PBXFileReference; fileEncoding = 4; lastKnownFileType = sourcecode.swift; path = ISOBitmap.swift; sourceTree = "<group>"; };
		6C9E4FA01AB615C200E0F55E /* ISODataElement.swift */ = {isa = PBXFileReference; fileEncoding = 4; lastKnownFileType = sourcecode.swift; path = ISODataElement.swift; sourceTree = "<group>"; };
		6C9E4FA21AB615DB00E0F55E /* ISOHelper.swift */ = {isa = PBXFileReference; fileEncoding = 4; lastKnownFileType = sourcecode.swift; path = ISOHelper.swift; sourceTree = "<group>"; };
		6C9E4FA41AB6162600E0F55E /* customisoconfig.plist */ = {isa = PBXFileReference; fileEncoding = 4; lastKnownFileType = text.plist.xml; path = customisoconfig.plist; sourceTree = "<group>"; };
		6C9E4FA51AB6162600E0F55E /* customisoMTI.plist */ = {isa = PBXFileReference; fileEncoding = 4; lastKnownFileType = text.plist.xml; path = customisoMTI.plist; sourceTree = "<group>"; };
		6C9E4FA61AB6162600E0F55E /* isoconfig.plist */ = {isa = PBXFileReference; fileEncoding = 4; lastKnownFileType = text.plist.xml; path = isoconfig.plist; sourceTree = "<group>"; };
		6C9E4FA71AB6162600E0F55E /* isodatatypes.plist */ = {isa = PBXFileReference; fileEncoding = 4; lastKnownFileType = text.plist.xml; path = isodatatypes.plist; sourceTree = "<group>"; };
		6C9E4FA81AB6162600E0F55E /* isoMTI.plist */ = {isa = PBXFileReference; fileEncoding = 4; lastKnownFileType = text.plist.xml; path = isoMTI.plist; sourceTree = "<group>"; };
/* End PBXFileReference section */

/* Begin PBXFrameworksBuildPhase section */
		6C9E4F711AB4D77C00E0F55E /* Frameworks */ = {
			isa = PBXFrameworksBuildPhase;
			buildActionMask = 2147483647;
			files = (
			);
			runOnlyForDeploymentPostprocessing = 0;
		};
		6C9E4F861AB4D77C00E0F55E /* Frameworks */ = {
			isa = PBXFrameworksBuildPhase;
			buildActionMask = 2147483647;
			files = (
			);
			runOnlyForDeploymentPostprocessing = 0;
		};
/* End PBXFrameworksBuildPhase section */

/* Begin PBXGroup section */
		6C9E4F6B1AB4D77C00E0F55E = {
			isa = PBXGroup;
			children = (
				6C9E4F761AB4D77C00E0F55E /* Swift-ISO8583 */,
				6C9E4F8C1AB4D77C00E0F55E /* Swift-ISO8583Tests */,
				6C9E4F751AB4D77C00E0F55E /* Products */,
			);
			sourceTree = "<group>";
		};
		6C9E4F751AB4D77C00E0F55E /* Products */ = {
			isa = PBXGroup;
			children = (
				6C9E4F741AB4D77C00E0F55E /* Swift-ISO8583.app */,
				6C9E4F891AB4D77C00E0F55E /* Swift-ISO8583Tests.xctest */,
			);
			name = Products;
			sourceTree = "<group>";
		};
		6C9E4F761AB4D77C00E0F55E /* Swift-ISO8583 */ = {
			isa = PBXGroup;
			children = (
				6C9E4F991AB4DF2B00E0F55E /* ISO-8583 Lib */,
				6C9E4F791AB4D77C00E0F55E /* AppDelegate.swift */,
				6C9E4F7B1AB4D77C00E0F55E /* ViewController.swift */,
				6C9E4F7D1AB4D77C00E0F55E /* Main.storyboard */,
				6C9E4F801AB4D77C00E0F55E /* Images.xcassets */,
				6C9E4F821AB4D77C00E0F55E /* LaunchScreen.xib */,
				6C9E4F771AB4D77C00E0F55E /* Supporting Files */,
			);
			path = "Swift-ISO8583";
			sourceTree = "<group>";
		};
		6C9E4F771AB4D77C00E0F55E /* Supporting Files */ = {
			isa = PBXGroup;
			children = (
				6C9E4F781AB4D77C00E0F55E /* Info.plist */,
			);
			name = "Supporting Files";
			sourceTree = "<group>";
		};
		6C9E4F8C1AB4D77C00E0F55E /* Swift-ISO8583Tests */ = {
			isa = PBXGroup;
			children = (
				6C9E4F8F1AB4D77C00E0F55E /* Swift_ISO8583Tests.swift */,
				6C9E4F8D1AB4D77C00E0F55E /* Supporting Files */,
			);
			path = "Swift-ISO8583Tests";
			sourceTree = "<group>";
		};
		6C9E4F8D1AB4D77C00E0F55E /* Supporting Files */ = {
			isa = PBXGroup;
			children = (
				6C9E4F8E1AB4D77C00E0F55E /* Info.plist */,
			);
			name = "Supporting Files";
			sourceTree = "<group>";
		};
		6C9E4F991AB4DF2B00E0F55E /* ISO-8583 Lib */ = {
			isa = PBXGroup;
			children = (
				6C9E4F9C1AB4EB8300E0F55E /* ISOMessage.swift */,
				6C9E4F9E1AB6159A00E0F55E /* ISOBitmap.swift */,
				6C9E4FA01AB615C200E0F55E /* ISODataElement.swift */,
				6C9E4FA21AB615DB00E0F55E /* ISOHelper.swift */,
				6C9E4FA41AB6162600E0F55E /* customisoconfig.plist */,
				6C9E4FA51AB6162600E0F55E /* customisoMTI.plist */,
				6C9E4FA61AB6162600E0F55E /* isoconfig.plist */,
				6C9E4FA71AB6162600E0F55E /* isodatatypes.plist */,
				6C9E4FA81AB6162600E0F55E /* isoMTI.plist */,
			);
			path = "ISO-8583 Lib";
			sourceTree = "<group>";
		};
/* End PBXGroup section */

/* Begin PBXNativeTarget section */
		6C9E4F731AB4D77C00E0F55E /* Swift-ISO8583 */ = {
			isa = PBXNativeTarget;
			buildConfigurationList = 6C9E4F931AB4D77C00E0F55E /* Build configuration list for PBXNativeTarget "Swift-ISO8583" */;
			buildPhases = (
				6C9E4F701AB4D77C00E0F55E /* Sources */,
				6C9E4F711AB4D77C00E0F55E /* Frameworks */,
				6C9E4F721AB4D77C00E0F55E /* Resources */,
			);
			buildRules = (
			);
			dependencies = (
			);
			name = "Swift-ISO8583";
			productName = "Swift-ISO8583";
			productReference = 6C9E4F741AB4D77C00E0F55E /* Swift-ISO8583.app */;
			productType = "com.apple.product-type.application";
		};
		6C9E4F881AB4D77C00E0F55E /* Swift-ISO8583Tests */ = {
			isa = PBXNativeTarget;
			buildConfigurationList = 6C9E4F961AB4D77C00E0F55E /* Build configuration list for PBXNativeTarget "Swift-ISO8583Tests" */;
			buildPhases = (
				6C9E4F851AB4D77C00E0F55E /* Sources */,
				6C9E4F861AB4D77C00E0F55E /* Frameworks */,
				6C9E4F871AB4D77C00E0F55E /* Resources */,
			);
			buildRules = (
			);
			dependencies = (
				6C9E4F8B1AB4D77C00E0F55E /* PBXTargetDependency */,
			);
			name = "Swift-ISO8583Tests";
			productName = "Swift-ISO8583Tests";
			productReference = 6C9E4F891AB4D77C00E0F55E /* Swift-ISO8583Tests.xctest */;
			productType = "com.apple.product-type.bundle.unit-test";
		};
/* End PBXNativeTarget section */

/* Begin PBXProject section */
		6C9E4F6C1AB4D77C00E0F55E /* Project object */ = {
			isa = PBXProject;
			attributes = {
				LastUpgradeCheck = 0620;
				ORGANIZATIONNAME = "Jorge Tapia";
				TargetAttributes = {
					6C9E4F731AB4D77C00E0F55E = {
						CreatedOnToolsVersion = 6.2;
					};
					6C9E4F881AB4D77C00E0F55E = {
						CreatedOnToolsVersion = 6.2;
						TestTargetID = 6C9E4F731AB4D77C00E0F55E;
					};
				};
			};
			buildConfigurationList = 6C9E4F6F1AB4D77C00E0F55E /* Build configuration list for PBXProject "Swift-ISO8583" */;
			compatibilityVersion = "Xcode 3.2";
			developmentRegion = English;
			hasScannedForEncodings = 0;
			knownRegions = (
				en,
				Base,
			);
			mainGroup = 6C9E4F6B1AB4D77C00E0F55E;
			productRefGroup = 6C9E4F751AB4D77C00E0F55E /* Products */;
			projectDirPath = "";
			projectRoot = "";
			targets = (
				6C9E4F731AB4D77C00E0F55E /* Swift-ISO8583 */,
				6C9E4F881AB4D77C00E0F55E /* Swift-ISO8583Tests */,
			);
		};
/* End PBXProject section */

/* Begin PBXResourcesBuildPhase section */
		6C9E4F721AB4D77C00E0F55E /* Resources */ = {
			isa = PBXResourcesBuildPhase;
			buildActionMask = 2147483647;
			files = (
				6C9E4F7F1AB4D77C00E0F55E /* Main.storyboard in Resources */,
				6C9E4F841AB4D77C00E0F55E /* LaunchScreen.xib in Resources */,
				6C9E4F811AB4D77C00E0F55E /* Images.xcassets in Resources */,
				6C9E4FAD1AB6162600E0F55E /* isoMTI.plist in Resources */,
				6C9E4FA91AB6162600E0F55E /* customisoconfig.plist in Resources */,
				6C9E4FAB1AB6162600E0F55E /* isoconfig.plist in Resources */,
				6C9E4FAA1AB6162600E0F55E /* customisoMTI.plist in Resources */,
				6C9E4FAC1AB6162600E0F55E /* isodatatypes.plist in Resources */,
			);
			runOnlyForDeploymentPostprocessing = 0;
		};
		6C9E4F871AB4D77C00E0F55E /* Resources */ = {
			isa = PBXResourcesBuildPhase;
			buildActionMask = 2147483647;
			files = (
			);
			runOnlyForDeploymentPostprocessing = 0;
		};
/* End PBXResourcesBuildPhase section */

/* Begin PBXSourcesBuildPhase section */
		6C9E4F701AB4D77C00E0F55E /* Sources */ = {
			isa = PBXSourcesBuildPhase;
			buildActionMask = 2147483647;
			files = (
				6C9E4F7C1AB4D77C00E0F55E /* ViewController.swift in Sources */,
				6C9E4FA31AB615DB00E0F55E /* ISOHelper.swift in Sources */,
				6C9E4F9D1AB4EB8300E0F55E /* ISOMessage.swift in Sources */,
				6C9E4F9F1AB6159A00E0F55E /* ISOBitmap.swift in Sources */,
				6C9E4FA11AB615C200E0F55E /* ISODataElement.swift in Sources */,
				6C9E4F7A1AB4D77C00E0F55E /* AppDelegate.swift in Sources */,
			);
			runOnlyForDeploymentPostprocessing = 0;
		};
		6C9E4F851AB4D77C00E0F55E /* Sources */ = {
			isa = PBXSourcesBuildPhase;
			buildActionMask = 2147483647;
			files = (
				6C9E4F901AB4D77C00E0F55E /* Swift_ISO8583Tests.swift in Sources */,
			);
			runOnlyForDeploymentPostprocessing = 0;
		};
/* End PBXSourcesBuildPhase section */

/* Begin PBXTargetDependency section */
		6C9E4F8B1AB4D77C00E0F55E /* PBXTargetDependency */ = {
			isa = PBXTargetDependency;
			target = 6C9E4F731AB4D77C00E0F55E /* Swift-ISO8583 */;
			targetProxy = 6C9E4F8A1AB4D77C00E0F55E /* PBXContainerItemProxy */;
		};
/* End PBXTargetDependency section */

/* Begin PBXVariantGroup section */
		6C9E4F7D1AB4D77C00E0F55E /* Main.storyboard */ = {
			isa = PBXVariantGroup;
			children = (
				6C9E4F7E1AB4D77C00E0F55E /* Base */,
			);
			name = Main.storyboard;
			sourceTree = "<group>";
		};
		6C9E4F821AB4D77C00E0F55E /* LaunchScreen.xib */ = {
			isa = PBXVariantGroup;
			children = (
				6C9E4F831AB4D77C00E0F55E /* Base */,
			);
			name = LaunchScreen.xib;
			sourceTree = "<group>";
		};
/* End PBXVariantGroup section */

/* Begin XCBuildConfiguration section */
		6C9E4F911AB4D77C00E0F55E /* Debug */ = {
			isa = XCBuildConfiguration;
			buildSettings = {
				ALWAYS_SEARCH_USER_PATHS = NO;
				CLANG_CXX_LANGUAGE_STANDARD = "gnu++0x";
				CLANG_CXX_LIBRARY = "libc++";
				CLANG_ENABLE_MODULES = YES;
				CLANG_ENABLE_OBJC_ARC = YES;
				CLANG_WARN_BOOL_CONVERSION = YES;
				CLANG_WARN_CONSTANT_CONVERSION = YES;
				CLANG_WARN_DIRECT_OBJC_ISA_USAGE = YES_ERROR;
				CLANG_WARN_EMPTY_BODY = YES;
				CLANG_WARN_ENUM_CONVERSION = YES;
				CLANG_WARN_INT_CONVERSION = YES;
				CLANG_WARN_OBJC_ROOT_CLASS = YES_ERROR;
				CLANG_WARN_UNREACHABLE_CODE = YES;
				CLANG_WARN__DUPLICATE_METHOD_MATCH = YES;
				"CODE_SIGN_IDENTITY[sdk=iphoneos*]" = "iPhone Developer";
				COPY_PHASE_STRIP = NO;
				ENABLE_STRICT_OBJC_MSGSEND = YES;
				GCC_C_LANGUAGE_STANDARD = gnu99;
				GCC_DYNAMIC_NO_PIC = NO;
				GCC_OPTIMIZATION_LEVEL = 0;
				GCC_PREPROCESSOR_DEFINITIONS = (
					"DEBUG=1",
					"$(inherited)",
				);
				GCC_SYMBOLS_PRIVATE_EXTERN = NO;
				GCC_WARN_64_TO_32_BIT_CONVERSION = YES;
				GCC_WARN_ABOUT_RETURN_TYPE = YES_ERROR;
				GCC_WARN_UNDECLARED_SELECTOR = YES;
				GCC_WARN_UNINITIALIZED_AUTOS = YES_AGGRESSIVE;
				GCC_WARN_UNUSED_FUNCTION = YES;
				GCC_WARN_UNUSED_VARIABLE = YES;
				IPHONEOS_DEPLOYMENT_TARGET = 8.2;
				MTL_ENABLE_DEBUG_INFO = YES;
				ONLY_ACTIVE_ARCH = YES;
				SDKROOT = iphoneos;
				SWIFT_OPTIMIZATION_LEVEL = "-Onone";
				TARGETED_DEVICE_FAMILY = "1,2";
			};
			name = Debug;
		};
		6C9E4F921AB4D77C00E0F55E /* Release */ = {
			isa = XCBuildConfiguration;
			buildSettings = {
				ALWAYS_SEARCH_USER_PATHS = NO;
				CLANG_CXX_LANGUAGE_STANDARD = "gnu++0x";
				CLANG_CXX_LIBRARY = "libc++";
				CLANG_ENABLE_MODULES = YES;
				CLANG_ENABLE_OBJC_ARC = YES;
				CLANG_WARN_BOOL_CONVERSION = YES;
				CLANG_WARN_CONSTANT_CONVERSION = YES;
				CLANG_WARN_DIRECT_OBJC_ISA_USAGE = YES_ERROR;
				CLANG_WARN_EMPTY_BODY = YES;
				CLANG_WARN_ENUM_CONVERSION = YES;
				CLANG_WARN_INT_CONVERSION = YES;
				CLANG_WARN_OBJC_ROOT_CLASS = YES_ERROR;
				CLANG_WARN_UNREACHABLE_CODE = YES;
				CLANG_WARN__DUPLICATE_METHOD_MATCH = YES;
				"CODE_SIGN_IDENTITY[sdk=iphoneos*]" = "iPhone Developer";
				COPY_PHASE_STRIP = NO;
				ENABLE_NS_ASSERTIONS = NO;
				ENABLE_STRICT_OBJC_MSGSEND = YES;
				GCC_C_LANGUAGE_STANDARD = gnu99;
				GCC_WARN_64_TO_32_BIT_CONVERSION = YES;
				GCC_WARN_ABOUT_RETURN_TYPE = YES_ERROR;
				GCC_WARN_UNDECLARED_SELECTOR = YES;
				GCC_WARN_UNINITIALIZED_AUTOS = YES_AGGRESSIVE;
				GCC_WARN_UNUSED_FUNCTION = YES;
				GCC_WARN_UNUSED_VARIABLE = YES;
				IPHONEOS_DEPLOYMENT_TARGET = 8.2;
				MTL_ENABLE_DEBUG_INFO = NO;
				SDKROOT = iphoneos;
				TARGETED_DEVICE_FAMILY = "1,2";
				VALIDATE_PRODUCT = YES;
			};
			name = Release;
		};
		6C9E4F941AB4D77C00E0F55E /* Debug */ = {
			isa = XCBuildConfiguration;
			buildSettings = {
				ASSETCATALOG_COMPILER_APPICON_NAME = AppIcon;
				INFOPLIST_FILE = "Swift-ISO8583/Info.plist";
				LD_RUNPATH_SEARCH_PATHS = "$(inherited) @executable_path/Frameworks";
				PRODUCT_NAME = "$(TARGET_NAME)";
			};
			name = Debug;
		};
		6C9E4F951AB4D77C00E0F55E /* Release */ = {
			isa = XCBuildConfiguration;
			buildSettings = {
				ASSETCATALOG_COMPILER_APPICON_NAME = AppIcon;
				INFOPLIST_FILE = "Swift-ISO8583/Info.plist";
				LD_RUNPATH_SEARCH_PATHS = "$(inherited) @executable_path/Frameworks";
				PRODUCT_NAME = "$(TARGET_NAME)";
			};
			name = Release;
		};
		6C9E4F971AB4D77C00E0F55E /* Debug */ = {
			isa = XCBuildConfiguration;
			buildSettings = {
				BUNDLE_LOADER = "$(TEST_HOST)";
				FRAMEWORK_SEARCH_PATHS = (
					"$(SDKROOT)/Developer/Library/Frameworks",
					"$(inherited)",
				);
				GCC_PREPROCESSOR_DEFINITIONS = (
					"DEBUG=1",
					"$(inherited)",
				);
				INFOPLIST_FILE = "Swift-ISO8583Tests/Info.plist";
				LD_RUNPATH_SEARCH_PATHS = "$(inherited) @executable_path/Frameworks @loader_path/Frameworks";
				PRODUCT_NAME = "$(TARGET_NAME)";
				TEST_HOST = "$(BUILT_PRODUCTS_DIR)/Swift-ISO8583.app/Swift-ISO8583";
			};
			name = Debug;
		};
		6C9E4F981AB4D77C00E0F55E /* Release */ = {
			isa = XCBuildConfiguration;
			buildSettings = {
				BUNDLE_LOADER = "$(TEST_HOST)";
				FRAMEWORK_SEARCH_PATHS = (
					"$(SDKROOT)/Developer/Library/Frameworks",
					"$(inherited)",
				);
				INFOPLIST_FILE = "Swift-ISO8583Tests/Info.plist";
				LD_RUNPATH_SEARCH_PATHS = "$(inherited) @executable_path/Frameworks @loader_path/Frameworks";
				PRODUCT_NAME = "$(TARGET_NAME)";
				TEST_HOST = "$(BUILT_PRODUCTS_DIR)/Swift-ISO8583.app/Swift-ISO8583";
			};
			name = Release;
		};
/* End XCBuildConfiguration section */

/* Begin XCConfigurationList section */
		6C9E4F6F1AB4D77C00E0F55E /* Build configuration list for PBXProject "Swift-ISO8583" */ = {
			isa = XCConfigurationList;
			buildConfigurations = (
				6C9E4F911AB4D77C00E0F55E /* Debug */,
				6C9E4F921AB4D77C00E0F55E /* Release */,
			);
			defaultConfigurationIsVisible = 0;
			defaultConfigurationName = Release;
		};
		6C9E4F931AB4D77C00E0F55E /* Build configuration list for PBXNativeTarget "Swift-ISO8583" */ = {
			isa = XCConfigurationList;
			buildConfigurations = (
				6C9E4F941AB4D77C00E0F55E /* Debug */,
				6C9E4F951AB4D77C00E0F55E /* Release */,
			);
			defaultConfigurationIsVisible = 0;
			defaultConfigurationName = Release;
		};
		6C9E4F961AB4D77C00E0F55E /* Build configuration list for PBXNativeTarget "Swift-ISO8583Tests" */ = {
			isa = XCConfigurationList;
			buildConfigurations = (
				6C9E4F971AB4D77C00E0F55E /* Debug */,
				6C9E4F981AB4D77C00E0F55E /* Release */,
			);
			defaultConfigurationIsVisible = 0;
			defaultConfigurationName = Release;
		};
/* End XCConfigurationList section */
	};
	rootObject = 6C9E4F6C1AB4D77C00E0F55E /* Project object */;
}
